// !$*UTF8*$!
{
	archiveVersion = 1;
	classes = {
	};
	objectVersion = 55;
	objects = {

/* Begin PBXBuildFile section */
		6B1990CA2990A1770089358E /* HomeVC.swift in Sources */ = {isa = PBXBuildFile; fileRef = 6B1990C92990A1770089358E /* HomeVC.swift */; };
		6B1990CC2990A1B40089358E /* FollowVC.swift in Sources */ = {isa = PBXBuildFile; fileRef = 6B1990CB2990A1B40089358E /* FollowVC.swift */; };
		6B1990CE2990A1D60089358E /* DiscoveryVC.swift in Sources */ = {isa = PBXBuildFile; fileRef = 6B1990CD2990A1D60089358E /* DiscoveryVC.swift */; };
		6B1990D02990A3A50089358E /* NearByVC.swift in Sources */ = {isa = PBXBuildFile; fileRef = 6B1990CF2990A3A50089358E /* NearByVC.swift */; };
		6B1990D22990D6F60089358E /* Constants.swift in Sources */ = {isa = PBXBuildFile; fileRef = 6B1990D12990D6F60089358E /* Constants.swift */; };
		6B5FE2E1298B570900EC7A3A /* AppDelegate.swift in Sources */ = {isa = PBXBuildFile; fileRef = 6B5FE2E0298B570900EC7A3A /* AppDelegate.swift */; };
		6B5FE2E3298B570900EC7A3A /* SceneDelegate.swift in Sources */ = {isa = PBXBuildFile; fileRef = 6B5FE2E2298B570900EC7A3A /* SceneDelegate.swift */; };
		6B5FE2E8298B570900EC7A3A /* Main.storyboard in Resources */ = {isa = PBXBuildFile; fileRef = 6B5FE2E6298B570900EC7A3A /* Main.storyboard */; };
		6B5FE2EB298B570900EC7A3A /* LittlePink.xcdatamodeld in Sources */ = {isa = PBXBuildFile; fileRef = 6B5FE2E9298B570900EC7A3A /* LittlePink.xcdatamodeld */; };
		6B5FE2ED298B570C00EC7A3A /* Assets.xcassets in Resources */ = {isa = PBXBuildFile; fileRef = 6B5FE2EC298B570C00EC7A3A /* Assets.xcassets */; };
		6B5FE2F0298B570C00EC7A3A /* LaunchScreen.storyboard in Resources */ = {isa = PBXBuildFile; fileRef = 6B5FE2EE298B570C00EC7A3A /* LaunchScreen.storyboard */; };
		6B8BA74D2994FA37007A7415 /* InfoPlist.strings in Resources */ = {isa = PBXBuildFile; fileRef = 6B8BA74F2994FA37007A7415 /* InfoPlist.strings */; };
		6B8BA7532994FA69007A7415 /* Localizable.strings in Resources */ = {isa = PBXBuildFile; fileRef = 6B8BA7552994FA69007A7415 /* Localizable.strings */; };
		6B8CAFF92992683000C8B10B /* WaterFallVC.swift in Sources */ = {isa = PBXBuildFile; fileRef = 6B8CAFF82992683000C8B10B /* WaterFallVC.swift */; };
		6B8CAFFB2992689C00C8B10B /* WaterFallCell.swift in Sources */ = {isa = PBXBuildFile; fileRef = 6B8CAFFA2992689C00C8B10B /* WaterFallCell.swift */; };
		B49ED0F9AFAF196E7F3F8B4C /* Pods_LittlePink.framework in Frameworks */ = {isa = PBXBuildFile; fileRef = DAF64E2C87CB2C2BE197ACD0 /* Pods_LittlePink.framework */; };
/* End PBXBuildFile section */

/* Begin PBXFileReference section */
		69100B09755F8FB84541BE6C /* Pods-LittlePink.release.xcconfig */ = {isa = PBXFileReference; includeInIndex = 1; lastKnownFileType = text.xcconfig; name = "Pods-LittlePink.release.xcconfig"; path = "Target Support Files/Pods-LittlePink/Pods-LittlePink.release.xcconfig"; sourceTree = "<group>"; };
		6B1990C92990A1770089358E /* HomeVC.swift */ = {isa = PBXFileReference; lastKnownFileType = sourcecode.swift; path = HomeVC.swift; sourceTree = "<group>"; };
		6B1990CB2990A1B40089358E /* FollowVC.swift */ = {isa = PBXFileReference; lastKnownFileType = sourcecode.swift; path = FollowVC.swift; sourceTree = "<group>"; };
		6B1990CD2990A1D60089358E /* DiscoveryVC.swift */ = {isa = PBXFileReference; lastKnownFileType = sourcecode.swift; path = DiscoveryVC.swift; sourceTree = "<group>"; };
		6B1990CF2990A3A50089358E /* NearByVC.swift */ = {isa = PBXFileReference; lastKnownFileType = sourcecode.swift; path = NearByVC.swift; sourceTree = "<group>"; };
		6B1990D12990D6F60089358E /* Constants.swift */ = {isa = PBXFileReference; lastKnownFileType = sourcecode.swift; path = Constants.swift; sourceTree = "<group>"; };
		6B5FE2DD298B570900EC7A3A /* LittlePink.app */ = {isa = PBXFileReference; explicitFileType = wrapper.application; includeInIndex = 0; path = LittlePink.app; sourceTree = BUILT_PRODUCTS_DIR; };
		6B5FE2E0298B570900EC7A3A /* AppDelegate.swift */ = {isa = PBXFileReference; lastKnownFileType = sourcecode.swift; path = AppDelegate.swift; sourceTree = "<group>"; };
		6B5FE2E2298B570900EC7A3A /* SceneDelegate.swift */ = {isa = PBXFileReference; lastKnownFileType = sourcecode.swift; path = SceneDelegate.swift; sourceTree = "<group>"; };
		6B5FE2E7298B570900EC7A3A /* Base */ = {isa = PBXFileReference; lastKnownFileType = file.storyboard; name = Base; path = Base.lproj/Main.storyboard; sourceTree = "<group>"; };
		6B5FE2EA298B570900EC7A3A /* LittlePink.xcdatamodel */ = {isa = PBXFileReference; lastKnownFileType = wrapper.xcdatamodel; path = LittlePink.xcdatamodel; sourceTree = "<group>"; };
		6B5FE2EC298B570C00EC7A3A /* Assets.xcassets */ = {isa = PBXFileReference; lastKnownFileType = folder.assetcatalog; path = Assets.xcassets; sourceTree = "<group>"; };
		6B5FE2EF298B570C00EC7A3A /* Base */ = {isa = PBXFileReference; lastKnownFileType = file.storyboard; name = Base; path = Base.lproj/LaunchScreen.storyboard; sourceTree = "<group>"; };
		6B5FE2F1298B570C00EC7A3A /* Info.plist */ = {isa = PBXFileReference; lastKnownFileType = text.plist.xml; path = Info.plist; sourceTree = "<group>"; };
		6B6BB2142995E04B00008430 /* zh-Hans */ = {isa = PBXFileReference; lastKnownFileType = text.plist.strings; name = "zh-Hans"; path = "zh-Hans.lproj/Main.strings"; sourceTree = "<group>"; };
		6B6BB2152995E04B00008430 /* zh-Hans */ = {isa = PBXFileReference; lastKnownFileType = text.plist.strings; name = "zh-Hans"; path = "zh-Hans.lproj/LaunchScreen.strings"; sourceTree = "<group>"; };
		6B6BB2162995E04B00008430 /* zh-Hans */ = {isa = PBXFileReference; lastKnownFileType = text.plist.strings; name = "zh-Hans"; path = "zh-Hans.lproj/InfoPlist.strings"; sourceTree = "<group>"; };
		6B6BB2172995E04C00008430 /* zh-Hans */ = {isa = PBXFileReference; lastKnownFileType = text.plist.strings; name = "zh-Hans"; path = "zh-Hans.lproj/Localizable.strings"; sourceTree = "<group>"; };
		6B6BB2192995E11800008430 /* en */ = {isa = PBXFileReference; lastKnownFileType = text.plist.strings; name = en; path = en.lproj/Main.strings; sourceTree = "<group>"; };
		6B6BB21B2995E11F00008430 /* en */ = {isa = PBXFileReference; lastKnownFileType = text.plist.strings; name = en; path = en.lproj/LaunchScreen.strings; sourceTree = "<group>"; };
		6B8BA74E2994FA37007A7415 /* en */ = {isa = PBXFileReference; lastKnownFileType = text.plist.strings; name = en; path = en.lproj/InfoPlist.strings; sourceTree = "<group>"; };
		6B8BA7542994FA69007A7415 /* en */ = {isa = PBXFileReference; lastKnownFileType = text.plist.strings; name = en; path = en.lproj/Localizable.strings; sourceTree = "<group>"; };
		6B8CAFF82992683000C8B10B /* WaterFallVC.swift */ = {isa = PBXFileReference; lastKnownFileType = sourcecode.swift; path = WaterFallVC.swift; sourceTree = "<group>"; };
		6B8CAFFA2992689C00C8B10B /* WaterFallCell.swift */ = {isa = PBXFileReference; lastKnownFileType = sourcecode.swift; path = WaterFallCell.swift; sourceTree = "<group>"; };
		9658B05C21EE7DA294BD85CD /* Pods-LittlePink.debug.xcconfig */ = {isa = PBXFileReference; includeInIndex = 1; lastKnownFileType = text.xcconfig; name = "Pods-LittlePink.debug.xcconfig"; path = "Target Support Files/Pods-LittlePink/Pods-LittlePink.debug.xcconfig"; sourceTree = "<group>"; };
		DAF64E2C87CB2C2BE197ACD0 /* Pods_LittlePink.framework */ = {isa = PBXFileReference; explicitFileType = wrapper.framework; includeInIndex = 0; path = Pods_LittlePink.framework; sourceTree = BUILT_PRODUCTS_DIR; };
/* End PBXFileReference section */

/* Begin PBXFrameworksBuildPhase section */
		6B5FE2DA298B570900EC7A3A /* Frameworks */ = {
			isa = PBXFrameworksBuildPhase;
			buildActionMask = 2147483647;
			files = (
				B49ED0F9AFAF196E7F3F8B4C /* Pods_LittlePink.framework in Frameworks */,
			);
			runOnlyForDeploymentPostprocessing = 0;
		};
/* End PBXFrameworksBuildPhase section */

/* Begin PBXGroup section */
		6B1990C82990A15F0089358E /* Home */ = {
			isa = PBXGroup;
			children = (
				6B1990C92990A1770089358E /* HomeVC.swift */,
				6B1990CB2990A1B40089358E /* FollowVC.swift */,
				6B1990CD2990A1D60089358E /* DiscoveryVC.swift */,
				6B1990CF2990A3A50089358E /* NearByVC.swift */,
			);
			path = Home;
			sourceTree = "<group>";
		};
		6B5FE2D4298B570900EC7A3A = {
			isa = PBXGroup;
			children = (
				6B8BA74F2994FA37007A7415 /* InfoPlist.strings */,
				6B8BA7552994FA69007A7415 /* Localizable.strings */,
				6B5FE2DF298B570900EC7A3A /* LittlePink */,
				6B5FE2DE298B570900EC7A3A /* Products */,
				8056CD128F109C8BDCDE157E /* Pods */,
				756C5F168F8393AAA566CE33 /* Frameworks */,
			);
			sourceTree = "<group>";
		};
		6B5FE2DE298B570900EC7A3A /* Products */ = {
			isa = PBXGroup;
			children = (
				6B5FE2DD298B570900EC7A3A /* LittlePink.app */,
			);
			name = Products;
			sourceTree = "<group>";
		};
		6B5FE2DF298B570900EC7A3A /* LittlePink */ = {
			isa = PBXGroup;
			children = (
				6B6BB2132995DFF200008430 /* Common */,
				6B6BB2122995DFD200008430 /* WaterFall */,
				6B1990C82990A15F0089358E /* Home */,
				6B5FE2E0298B570900EC7A3A /* AppDelegate.swift */,
				6B5FE2E2298B570900EC7A3A /* SceneDelegate.swift */,
				6B5FE2E6298B570900EC7A3A /* Main.storyboard */,
				6B5FE2EC298B570C00EC7A3A /* Assets.xcassets */,
				6B5FE2EE298B570C00EC7A3A /* LaunchScreen.storyboard */,
				6B5FE2F1298B570C00EC7A3A /* Info.plist */,
				6B5FE2E9298B570900EC7A3A /* LittlePink.xcdatamodeld */,
			);
			path = LittlePink;
			sourceTree = "<group>";
		};
		6B6BB2122995DFD200008430 /* WaterFall */ = {
			isa = PBXGroup;
			children = (
				6B8CAFF82992683000C8B10B /* WaterFallVC.swift */,
				6B8CAFFA2992689C00C8B10B /* WaterFallCell.swift */,
			);
			path = WaterFall;
			sourceTree = "<group>";
		};
		6B6BB2132995DFF200008430 /* Common */ = {
			isa = PBXGroup;
			children = (
				6B1990D12990D6F60089358E /* Constants.swift */,
			);
			path = Common;
			sourceTree = "<group>";
		};
		756C5F168F8393AAA566CE33 /* Frameworks */ = {
			isa = PBXGroup;
			children = (
				DAF64E2C87CB2C2BE197ACD0 /* Pods_LittlePink.framework */,
			);
			name = Frameworks;
			sourceTree = "<group>";
		};
		8056CD128F109C8BDCDE157E /* Pods */ = {
			isa = PBXGroup;
			children = (
				9658B05C21EE7DA294BD85CD /* Pods-LittlePink.debug.xcconfig */,
				69100B09755F8FB84541BE6C /* Pods-LittlePink.release.xcconfig */,
			);
			path = Pods;
			sourceTree = "<group>";
		};
/* End PBXGroup section */

/* Begin PBXNativeTarget section */
		6B5FE2DC298B570900EC7A3A /* LittlePink */ = {
			isa = PBXNativeTarget;
			buildConfigurationList = 6B5FE2F4298B570C00EC7A3A /* Build configuration list for PBXNativeTarget "LittlePink" */;
			buildPhases = (
				5DE67B22B0EFB339CCB74333 /* [CP] Check Pods Manifest.lock */,
				6B5FE2D9298B570900EC7A3A /* Sources */,
				6B5FE2DA298B570900EC7A3A /* Frameworks */,
				6B5FE2DB298B570900EC7A3A /* Resources */,
				AAFB9750ED77B1E27617A802 /* [CP] Embed Pods Frameworks */,
			);
			buildRules = (
			);
			dependencies = (
			);
			name = LittlePink;
			productName = LittlePink;
			productReference = 6B5FE2DD298B570900EC7A3A /* LittlePink.app */;
			productType = "com.apple.product-type.application";
		};
/* End PBXNativeTarget section */

/* Begin PBXProject section */
		6B5FE2D5298B570900EC7A3A /* Project object */ = {
			isa = PBXProject;
			attributes = {
				BuildIndependentTargetsInParallel = 1;
				LastSwiftUpdateCheck = 1420;
				LastUpgradeCheck = 1420;
				TargetAttributes = {
					6B5FE2DC298B570900EC7A3A = {
						CreatedOnToolsVersion = 14.2;
					};
				};
			};
			buildConfigurationList = 6B5FE2D8298B570900EC7A3A /* Build configuration list for PBXProject "LittlePink" */;
			compatibilityVersion = "Xcode 13.0";
			developmentRegion = en;
			hasScannedForEncodings = 0;
			knownRegions = (
				en,
				Base,
				"zh-Hans",
			);
			mainGroup = 6B5FE2D4298B570900EC7A3A;
			productRefGroup = 6B5FE2DE298B570900EC7A3A /* Products */;
			projectDirPath = "";
			projectRoot = "";
			targets = (
				6B5FE2DC298B570900EC7A3A /* LittlePink */,
			);
		};
/* End PBXProject section */

/* Begin PBXResourcesBuildPhase section */
		6B5FE2DB298B570900EC7A3A /* Resources */ = {
			isa = PBXResourcesBuildPhase;
			buildActionMask = 2147483647;
			files = (
				6B5FE2F0298B570C00EC7A3A /* LaunchScreen.storyboard in Resources */,
				6B8BA7532994FA69007A7415 /* Localizable.strings in Resources */,
				6B5FE2ED298B570C00EC7A3A /* Assets.xcassets in Resources */,
				6B5FE2E8298B570900EC7A3A /* Main.storyboard in Resources */,
				6B8BA74D2994FA37007A7415 /* InfoPlist.strings in Resources */,
			);
			runOnlyForDeploymentPostprocessing = 0;
		};
/* End PBXResourcesBuildPhase section */

/* Begin PBXShellScriptBuildPhase section */
		5DE67B22B0EFB339CCB74333 /* [CP] Check Pods Manifest.lock */ = {
			isa = PBXShellScriptBuildPhase;
			buildActionMask = 2147483647;
			files = (
			);
			inputFileListPaths = (
			);
			inputPaths = (
				"${PODS_PODFILE_DIR_PATH}/Podfile.lock",
				"${PODS_ROOT}/Manifest.lock",
			);
			name = "[CP] Check Pods Manifest.lock";
			outputFileListPaths = (
			);
			outputPaths = (
				"$(DERIVED_FILE_DIR)/Pods-LittlePink-checkManifestLockResult.txt",
			);
			runOnlyForDeploymentPostprocessing = 0;
			shellPath = /bin/sh;
			shellScript = "diff \"${PODS_PODFILE_DIR_PATH}/Podfile.lock\" \"${PODS_ROOT}/Manifest.lock\" > /dev/null\nif [ $? != 0 ] ; then\n    # print error to STDERR\n    echo \"error: The sandbox is not in sync with the Podfile.lock. Run 'pod install' or update your CocoaPods installation.\" >&2\n    exit 1\nfi\n# This output is used by Xcode 'outputs' to avoid re-running this script phase.\necho \"SUCCESS\" > \"${SCRIPT_OUTPUT_FILE_0}\"\n";
			showEnvVarsInLog = 0;
		};
		AAFB9750ED77B1E27617A802 /* [CP] Embed Pods Frameworks */ = {
			isa = PBXShellScriptBuildPhase;
			buildActionMask = 2147483647;
			files = (
			);
			inputFileListPaths = (
				"${PODS_ROOT}/Target Support Files/Pods-LittlePink/Pods-LittlePink-frameworks-${CONFIGURATION}-input-files.xcfilelist",
			);
			name = "[CP] Embed Pods Frameworks";
			outputFileListPaths = (
				"${PODS_ROOT}/Target Support Files/Pods-LittlePink/Pods-LittlePink-frameworks-${CONFIGURATION}-output-files.xcfilelist",
			);
			runOnlyForDeploymentPostprocessing = 0;
			shellPath = /bin/sh;
			shellScript = "\"${PODS_ROOT}/Target Support Files/Pods-LittlePink/Pods-LittlePink-frameworks.sh\"\n";
			showEnvVarsInLog = 0;
		};
/* End PBXShellScriptBuildPhase section */

/* Begin PBXSourcesBuildPhase section */
		6B5FE2D9298B570900EC7A3A /* Sources */ = {
			isa = PBXSourcesBuildPhase;
			buildActionMask = 2147483647;
			files = (
				6B1990CA2990A1770089358E /* HomeVC.swift in Sources */,
				6B5FE2E1298B570900EC7A3A /* AppDelegate.swift in Sources */,
				6B1990D02990A3A50089358E /* NearByVC.swift in Sources */,
				6B5FE2E3298B570900EC7A3A /* SceneDelegate.swift in Sources */,
				6B8CAFFB2992689C00C8B10B /* WaterFallCell.swift in Sources */,
				6B1990CE2990A1D60089358E /* DiscoveryVC.swift in Sources */,
				6B5FE2EB298B570900EC7A3A /* LittlePink.xcdatamodeld in Sources */,
				6B1990CC2990A1B40089358E /* FollowVC.swift in Sources */,
				6B8CAFF92992683000C8B10B /* WaterFallVC.swift in Sources */,
				6B1990D22990D6F60089358E /* Constants.swift in Sources */,
			);
			runOnlyForDeploymentPostprocessing = 0;
		};
/* End PBXSourcesBuildPhase section */

/* Begin PBXVariantGroup section */
		6B5FE2E6298B570900EC7A3A /* Main.storyboard */ = {
			isa = PBXVariantGroup;
			children = (
				6B5FE2E7298B570900EC7A3A /* Base */,
				6B6BB2142995E04B00008430 /* zh-Hans */,
				6B6BB2192995E11800008430 /* en */,
			);
			name = Main.storyboard;
			sourceTree = "<group>";
		};
		6B5FE2EE298B570C00EC7A3A /* LaunchScreen.storyboard */ = {
			isa = PBXVariantGroup;
			children = (
				6B5FE2EF298B570C00EC7A3A /* Base */,
				6B6BB2152995E04B00008430 /* zh-Hans */,
				6B6BB21B2995E11F00008430 /* en */,
			);
			name = LaunchScreen.storyboard;
			sourceTree = "<group>";
		};
		6B8BA74F2994FA37007A7415 /* InfoPlist.strings */ = {
			isa = PBXVariantGroup;
			children = (
				6B8BA74E2994FA37007A7415 /* en */,
				6B6BB2162995E04B00008430 /* zh-Hans */,
			);
			name = InfoPlist.strings;
			sourceTree = "<group>";
		};
		6B8BA7552994FA69007A7415 /* Localizable.strings */ = {
			isa = PBXVariantGroup;
			children = (
				6B8BA7542994FA69007A7415 /* en */,
				6B6BB2172995E04C00008430 /* zh-Hans */,
			);
			name = Localizable.strings;
			sourceTree = "<group>";
		};
/* End PBXVariantGroup section */

/* Begin XCBuildConfiguration section */
		6B5FE2F2298B570C00EC7A3A /* Debug */ = {
			isa = XCBuildConfiguration;
			buildSettings = {
				ALWAYS_SEARCH_USER_PATHS = NO;
				CLANG_ANALYZER_LOCALIZABILITY_NONLOCALIZED = YES;
				CLANG_ANALYZER_NONNULL = YES;
				CLANG_ANALYZER_NUMBER_OBJECT_CONVERSION = YES_AGGRESSIVE;
				CLANG_CXX_LANGUAGE_STANDARD = "gnu++20";
				CLANG_ENABLE_MODULES = YES;
				CLANG_ENABLE_OBJC_ARC = YES;
				CLANG_ENABLE_OBJC_WEAK = YES;
				CLANG_WARN_BLOCK_CAPTURE_AUTORELEASING = YES;
				CLANG_WARN_BOOL_CONVERSION = YES;
				CLANG_WARN_COMMA = YES;
				CLANG_WARN_CONSTANT_CONVERSION = YES;
				CLANG_WARN_DEPRECATED_OBJC_IMPLEMENTATIONS = YES;
				CLANG_WARN_DIRECT_OBJC_ISA_USAGE = YES_ERROR;
				CLANG_WARN_DOCUMENTATION_COMMENTS = YES;
				CLANG_WARN_EMPTY_BODY = YES;
				CLANG_WARN_ENUM_CONVERSION = YES;
				CLANG_WARN_INFINITE_RECURSION = YES;
				CLANG_WARN_INT_CONVERSION = YES;
				CLANG_WARN_NON_LITERAL_NULL_CONVERSION = YES;
				CLANG_WARN_OBJC_IMPLICIT_RETAIN_SELF = YES;
				CLANG_WARN_OBJC_LITERAL_CONVERSION = YES;
				CLANG_WARN_OBJC_ROOT_CLASS = YES_ERROR;
				CLANG_WARN_QUOTED_INCLUDE_IN_FRAMEWORK_HEADER = YES;
				CLANG_WARN_RANGE_LOOP_ANALYSIS = YES;
				CLANG_WARN_STRICT_PROTOTYPES = YES;
				CLANG_WARN_SUSPICIOUS_MOVE = YES;
				CLANG_WARN_UNGUARDED_AVAILABILITY = YES_AGGRESSIVE;
				CLANG_WARN_UNREACHABLE_CODE = YES;
				CLANG_WARN__DUPLICATE_METHOD_MATCH = YES;
				COPY_PHASE_STRIP = NO;
				DEBUG_INFORMATION_FORMAT = dwarf;
				ENABLE_STRICT_OBJC_MSGSEND = YES;
				ENABLE_TESTABILITY = YES;
				GCC_C_LANGUAGE_STANDARD = gnu11;
				GCC_DYNAMIC_NO_PIC = NO;
				GCC_NO_COMMON_BLOCKS = YES;
				GCC_OPTIMIZATION_LEVEL = 0;
				GCC_PREPROCESSOR_DEFINITIONS = (
					"DEBUG=1",
					"$(inherited)",
				);
				GCC_WARN_64_TO_32_BIT_CONVERSION = YES;
				GCC_WARN_ABOUT_RETURN_TYPE = YES_ERROR;
				GCC_WARN_UNDECLARED_SELECTOR = YES;
				GCC_WARN_UNINITIALIZED_AUTOS = YES_AGGRESSIVE;
				GCC_WARN_UNUSED_FUNCTION = YES;
				GCC_WARN_UNUSED_VARIABLE = YES;
				IPHONEOS_DEPLOYMENT_TARGET = 14.0;
				MTL_ENABLE_DEBUG_INFO = INCLUDE_SOURCE;
				MTL_FAST_MATH = YES;
				ONLY_ACTIVE_ARCH = YES;
				SDKROOT = iphoneos;
				SWIFT_ACTIVE_COMPILATION_CONDITIONS = DEBUG;
				SWIFT_OPTIMIZATION_LEVEL = "-Onone";
			};
			name = Debug;
		};
		6B5FE2F3298B570C00EC7A3A /* Release */ = {
			isa = XCBuildConfiguration;
			buildSettings = {
				ALWAYS_SEARCH_USER_PATHS = NO;
				CLANG_ANALYZER_LOCALIZABILITY_NONLOCALIZED = YES;
				CLANG_ANALYZER_NONNULL = YES;
				CLANG_ANALYZER_NUMBER_OBJECT_CONVERSION = YES_AGGRESSIVE;
				CLANG_CXX_LANGUAGE_STANDARD = "gnu++20";
				CLANG_ENABLE_MODULES = YES;
				CLANG_ENABLE_OBJC_ARC = YES;
				CLANG_ENABLE_OBJC_WEAK = YES;
				CLANG_WARN_BLOCK_CAPTURE_AUTORELEASING = YES;
				CLANG_WARN_BOOL_CONVERSION = YES;
				CLANG_WARN_COMMA = YES;
				CLANG_WARN_CONSTANT_CONVERSION = YES;
				CLANG_WARN_DEPRECATED_OBJC_IMPLEMENTATIONS = YES;
				CLANG_WARN_DIRECT_OBJC_ISA_USAGE = YES_ERROR;
				CLANG_WARN_DOCUMENTATION_COMMENTS = YES;
				CLANG_WARN_EMPTY_BODY = YES;
				CLANG_WARN_ENUM_CONVERSION = YES;
				CLANG_WARN_INFINITE_RECURSION = YES;
				CLANG_WARN_INT_CONVERSION = YES;
				CLANG_WARN_NON_LITERAL_NULL_CONVERSION = YES;
				CLANG_WARN_OBJC_IMPLICIT_RETAIN_SELF = YES;
				CLANG_WARN_OBJC_LITERAL_CONVERSION = YES;
				CLANG_WARN_OBJC_ROOT_CLASS = YES_ERROR;
				CLANG_WARN_QUOTED_INCLUDE_IN_FRAMEWORK_HEADER = YES;
				CLANG_WARN_RANGE_LOOP_ANALYSIS = YES;
				CLANG_WARN_STRICT_PROTOTYPES = YES;
				CLANG_WARN_SUSPICIOUS_MOVE = YES;
				CLANG_WARN_UNGUARDED_AVAILABILITY = YES_AGGRESSIVE;
				CLANG_WARN_UNREACHABLE_CODE = YES;
				CLANG_WARN__DUPLICATE_METHOD_MATCH = YES;
				COPY_PHASE_STRIP = NO;
				DEBUG_INFORMATION_FORMAT = "dwarf-with-dsym";
				ENABLE_NS_ASSERTIONS = NO;
				ENABLE_STRICT_OBJC_MSGSEND = YES;
				GCC_C_LANGUAGE_STANDARD = gnu11;
				GCC_NO_COMMON_BLOCKS = YES;
				GCC_WARN_64_TO_32_BIT_CONVERSION = YES;
				GCC_WARN_ABOUT_RETURN_TYPE = YES_ERROR;
				GCC_WARN_UNDECLARED_SELECTOR = YES;
				GCC_WARN_UNINITIALIZED_AUTOS = YES_AGGRESSIVE;
				GCC_WARN_UNUSED_FUNCTION = YES;
				GCC_WARN_UNUSED_VARIABLE = YES;
				IPHONEOS_DEPLOYMENT_TARGET = 14.0;
				MTL_ENABLE_DEBUG_INFO = NO;
				MTL_FAST_MATH = YES;
				SDKROOT = iphoneos;
				SWIFT_COMPILATION_MODE = wholemodule;
				SWIFT_OPTIMIZATION_LEVEL = "-O";
				VALIDATE_PRODUCT = YES;
			};
			name = Release;
		};
		6B5FE2F5298B570C00EC7A3A /* Debug */ = {
			isa = XCBuildConfiguration;
			baseConfigurationReference = 9658B05C21EE7DA294BD85CD /* Pods-LittlePink.debug.xcconfig */;
			buildSettings = {
				ASSETCATALOG_COMPILER_APPICON_NAME = AppIcon;
				ASSETCATALOG_COMPILER_GLOBAL_ACCENT_COLOR_NAME = AccentColor;
				CODE_SIGN_STYLE = Automatic;
				CURRENT_PROJECT_VERSION = 1;
				DEVELOPMENT_TEAM = D952L3WDWC;
				GENERATE_INFOPLIST_FILE = YES;
				INFOPLIST_FILE = LittlePink/Info.plist;
				INFOPLIST_KEY_UIApplicationSupportsIndirectInputEvents = YES;
				INFOPLIST_KEY_UILaunchStoryboardName = LaunchScreen;
				INFOPLIST_KEY_UIMainStoryboardFile = Main;
				INFOPLIST_KEY_UISupportedInterfaceOrientations = UIInterfaceOrientationPortrait;
				IPHONEOS_DEPLOYMENT_TARGET = 14.0;
				LD_RUNPATH_SEARCH_PATHS = (
					"$(inherited)",
					"@executable_path/Frameworks",
				);
				MARKETING_VERSION = 1.0;
				PRODUCT_BUNDLE_IDENTIFIER = KaKa.LittlePink;
				PRODUCT_NAME = "$(TARGET_NAME)";
				SUPPORTED_PLATFORMS = "iphoneos iphonesimulator";
				SUPPORTS_MACCATALYST = NO;
				SUPPORTS_MAC_DESIGNED_FOR_IPHONE_IPAD = YES;
				SWIFT_EMIT_LOC_STRINGS = YES;
				SWIFT_VERSION = 5.0;
				TARGETED_DEVICE_FAMILY = 1;
			};
			name = Debug;
		};
		6B5FE2F6298B570C00EC7A3A /* Release */ = {
			isa = XCBuildConfiguration;
			baseConfigurationReference = 69100B09755F8FB84541BE6C /* Pods-LittlePink.release.xcconfig */;
			buildSettings = {
				ASSETCATALOG_COMPILER_APPICON_NAME = AppIcon;
				ASSETCATALOG_COMPILER_GLOBAL_ACCENT_COLOR_NAME = AccentColor;
				CODE_SIGN_STYLE = Automatic;
				CURRENT_PROJECT_VERSION = 1;
				DEVELOPMENT_TEAM = D952L3WDWC;
				GENERATE_INFOPLIST_FILE = YES;
				INFOPLIST_FILE = LittlePink/Info.plist;
				INFOPLIST_KEY_UIApplicationSupportsIndirectInputEvents = YES;
				INFOPLIST_KEY_UILaunchStoryboardName = LaunchScreen;
				INFOPLIST_KEY_UIMainStoryboardFile = Main;
				INFOPLIST_KEY_UISupportedInterfaceOrientations = UIInterfaceOrientationPortrait;
				IPHONEOS_DEPLOYMENT_TARGET = 14.0;
				LD_RUNPATH_SEARCH_PATHS = (
					"$(inherited)",
					"@executable_path/Frameworks",
				);
				MARKETING_VERSION = 1.0;
				PRODUCT_BUNDLE_IDENTIFIER = KaKa.LittlePink;
				PRODUCT_NAME = "$(TARGET_NAME)";
				SUPPORTED_PLATFORMS = "iphoneos iphonesimulator";
				SUPPORTS_MACCATALYST = NO;
				SUPPORTS_MAC_DESIGNED_FOR_IPHONE_IPAD = YES;
				SWIFT_EMIT_LOC_STRINGS = YES;
				SWIFT_VERSION = 5.0;
				TARGETED_DEVICE_FAMILY = 1;
			};
			name = Release;
		};
/* End XCBuildConfiguration section */

/* Begin XCConfigurationList section */
		6B5FE2D8298B570900EC7A3A /* Build configuration list for PBXProject "LittlePink" */ = {
			isa = XCConfigurationList;
			buildConfigurations = (
				6B5FE2F2298B570C00EC7A3A /* Debug */,
				6B5FE2F3298B570C00EC7A3A /* Release */,
			);
			defaultConfigurationIsVisible = 0;
			defaultConfigurationName = Release;
		};
		6B5FE2F4298B570C00EC7A3A /* Build configuration list for PBXNativeTarget "LittlePink" */ = {
			isa = XCConfigurationList;
			buildConfigurations = (
				6B5FE2F5298B570C00EC7A3A /* Debug */,
				6B5FE2F6298B570C00EC7A3A /* Release */,
			);
			defaultConfigurationIsVisible = 0;
			defaultConfigurationName = Release;
		};
/* End XCConfigurationList section */

/* Begin XCVersionGroup section */
		6B5FE2E9298B570900EC7A3A /* LittlePink.xcdatamodeld */ = {
			isa = XCVersionGroup;
			children = (
				6B5FE2EA298B570900EC7A3A /* LittlePink.xcdatamodel */,
			);
			currentVersion = 6B5FE2EA298B570900EC7A3A /* LittlePink.xcdatamodel */;
			path = LittlePink.xcdatamodeld;
			sourceTree = "<group>";
			versionGroupType = wrapper.xcdatamodel;
		};
/* End XCVersionGroup section */
	};
	rootObject = 6B5FE2D5298B570900EC7A3A /* Project object */;
}
